// !$*UTF8*$!
{
	archiveVersion = 1;
	classes = {
	};
	objectVersion = 51;
	objects = {

/* Begin PBXBuildFile section */
		441F8F1415DEC690E1CE6D12 /* Pods_GitHubList.framework in Frameworks */ = {isa = PBXBuildFile; fileRef = 6A7DFA4410426B6E4A3DFBFE /* Pods_GitHubList.framework */; };
		F1EA6DE5263040D20085BE14 /* AppDelegate.swift in Sources */ = {isa = PBXBuildFile; fileRef = F1EA6DE4263040D20085BE14 /* AppDelegate.swift */; };
		F1EA6DE7263040D20085BE14 /* SceneDelegate.swift in Sources */ = {isa = PBXBuildFile; fileRef = F1EA6DE6263040D20085BE14 /* SceneDelegate.swift */; };
		F1EA6DE9263040D20085BE14 /* ViewController.swift in Sources */ = {isa = PBXBuildFile; fileRef = F1EA6DE8263040D20085BE14 /* ViewController.swift */; };
		F1EA6DEC263040D20085BE14 /* Main.storyboard in Resources */ = {isa = PBXBuildFile; fileRef = F1EA6DEA263040D20085BE14 /* Main.storyboard */; };
		F1EA6DEF263040D20085BE14 /* GitHubList.xcdatamodeld in Sources */ = {isa = PBXBuildFile; fileRef = F1EA6DED263040D20085BE14 /* GitHubList.xcdatamodeld */; };
		F1EA6DF1263040D30085BE14 /* Assets.xcassets in Resources */ = {isa = PBXBuildFile; fileRef = F1EA6DF0263040D30085BE14 /* Assets.xcassets */; };
		F1EA6DF4263040D30085BE14 /* LaunchScreen.storyboard in Resources */ = {isa = PBXBuildFile; fileRef = F1EA6DF2263040D30085BE14 /* LaunchScreen.storyboard */; };
		F1EA6DFF263040D30085BE14 /* GitHubListTests.swift in Sources */ = {isa = PBXBuildFile; fileRef = F1EA6DFE263040D30085BE14 /* GitHubListTests.swift */; };
		F1EA6E0A263040D30085BE14 /* GitHubListUITests.swift in Sources */ = {isa = PBXBuildFile; fileRef = F1EA6E09263040D30085BE14 /* GitHubListUITests.swift */; };
		F1EA6E22263041EB0085BE14 /* NetworkHandler.swift in Sources */ = {isa = PBXBuildFile; fileRef = F1EA6E21263041EB0085BE14 /* NetworkHandler.swift */; };
		F1EA6E33263043800085BE14 /* Constant.swift in Sources */ = {isa = PBXBuildFile; fileRef = F1EA6E32263043800085BE14 /* Constant.swift */; };
		F1EA6E39263043BF0085BE14 /* UserListTableViewController.swift in Sources */ = {isa = PBXBuildFile; fileRef = F1EA6E38263043BF0085BE14 /* UserListTableViewController.swift */; };
		F1EA6E422630442D0085BE14 /* UserListTableViewCell.swift in Sources */ = {isa = PBXBuildFile; fileRef = F1EA6E412630442D0085BE14 /* UserListTableViewCell.swift */; };
		F1EA6E4B263045070085BE14 /* UserList.swift in Sources */ = {isa = PBXBuildFile; fileRef = F1EA6E4A263045070085BE14 /* UserList.swift */; };
		F1EA6E5726304E250085BE14 /* UIImageView+Extensions.swift in Sources */ = {isa = PBXBuildFile; fileRef = F1EA6E5626304E250085BE14 /* UIImageView+Extensions.swift */; };
		F1EA6E62263072730085BE14 /* UserDetails.swift in Sources */ = {isa = PBXBuildFile; fileRef = F1EA6E61263072730085BE14 /* UserDetails.swift */; };
		F1EA6E67263078310085BE14 /* UserDetailsViewController.swift in Sources */ = {isa = PBXBuildFile; fileRef = F1EA6E66263078310085BE14 /* UserDetailsViewController.swift */; };
/* End PBXBuildFile section */

/* Begin PBXContainerItemProxy section */
		F1EA6DFB263040D30085BE14 /* PBXContainerItemProxy */ = {
			isa = PBXContainerItemProxy;
			containerPortal = F1EA6DD9263040D20085BE14 /* Project object */;
			proxyType = 1;
			remoteGlobalIDString = F1EA6DE0263040D20085BE14;
			remoteInfo = GitHubList;
		};
		F1EA6E06263040D30085BE14 /* PBXContainerItemProxy */ = {
			isa = PBXContainerItemProxy;
			containerPortal = F1EA6DD9263040D20085BE14 /* Project object */;
			proxyType = 1;
			remoteGlobalIDString = F1EA6DE0263040D20085BE14;
			remoteInfo = GitHubList;
		};
/* End PBXContainerItemProxy section */

/* Begin PBXFileReference section */
		0242DB05FF0B8BB3532CFACB /* Pods-GitHubList.release.xcconfig */ = {isa = PBXFileReference; includeInIndex = 1; lastKnownFileType = text.xcconfig; name = "Pods-GitHubList.release.xcconfig"; path = "Target Support Files/Pods-GitHubList/Pods-GitHubList.release.xcconfig"; sourceTree = "<group>"; };
		6A7DFA4410426B6E4A3DFBFE /* Pods_GitHubList.framework */ = {isa = PBXFileReference; explicitFileType = wrapper.framework; includeInIndex = 0; path = Pods_GitHubList.framework; sourceTree = BUILT_PRODUCTS_DIR; };
		F1EA6DE1263040D20085BE14 /* GitHubList.app */ = {isa = PBXFileReference; explicitFileType = wrapper.application; includeInIndex = 0; path = GitHubList.app; sourceTree = BUILT_PRODUCTS_DIR; };
		F1EA6DE4263040D20085BE14 /* AppDelegate.swift */ = {isa = PBXFileReference; lastKnownFileType = sourcecode.swift; path = AppDelegate.swift; sourceTree = "<group>"; };
		F1EA6DE6263040D20085BE14 /* SceneDelegate.swift */ = {isa = PBXFileReference; lastKnownFileType = sourcecode.swift; path = SceneDelegate.swift; sourceTree = "<group>"; };
		F1EA6DE8263040D20085BE14 /* ViewController.swift */ = {isa = PBXFileReference; lastKnownFileType = sourcecode.swift; path = ViewController.swift; sourceTree = "<group>"; };
		F1EA6DEB263040D20085BE14 /* Base */ = {isa = PBXFileReference; lastKnownFileType = file.storyboard; name = Base; path = Base.lproj/Main.storyboard; sourceTree = "<group>"; };
		F1EA6DEE263040D20085BE14 /* GitHubList.xcdatamodel */ = {isa = PBXFileReference; lastKnownFileType = wrapper.xcdatamodel; path = GitHubList.xcdatamodel; sourceTree = "<group>"; };
		F1EA6DF0263040D30085BE14 /* Assets.xcassets */ = {isa = PBXFileReference; lastKnownFileType = folder.assetcatalog; path = Assets.xcassets; sourceTree = "<group>"; };
		F1EA6DF3263040D30085BE14 /* Base */ = {isa = PBXFileReference; lastKnownFileType = file.storyboard; name = Base; path = Base.lproj/LaunchScreen.storyboard; sourceTree = "<group>"; };
		F1EA6DF5263040D30085BE14 /* Info.plist */ = {isa = PBXFileReference; lastKnownFileType = text.plist.xml; path = Info.plist; sourceTree = "<group>"; };
		F1EA6DFA263040D30085BE14 /* GitHubListTests.xctest */ = {isa = PBXFileReference; explicitFileType = wrapper.cfbundle; includeInIndex = 0; path = GitHubListTests.xctest; sourceTree = BUILT_PRODUCTS_DIR; };
		F1EA6DFE263040D30085BE14 /* GitHubListTests.swift */ = {isa = PBXFileReference; lastKnownFileType = sourcecode.swift; path = GitHubListTests.swift; sourceTree = "<group>"; };
		F1EA6E00263040D30085BE14 /* Info.plist */ = {isa = PBXFileReference; lastKnownFileType = text.plist.xml; path = Info.plist; sourceTree = "<group>"; };
		F1EA6E05263040D30085BE14 /* GitHubListUITests.xctest */ = {isa = PBXFileReference; explicitFileType = wrapper.cfbundle; includeInIndex = 0; path = GitHubListUITests.xctest; sourceTree = BUILT_PRODUCTS_DIR; };
		F1EA6E09263040D30085BE14 /* GitHubListUITests.swift */ = {isa = PBXFileReference; lastKnownFileType = sourcecode.swift; path = GitHubListUITests.swift; sourceTree = "<group>"; };
		F1EA6E0B263040D30085BE14 /* Info.plist */ = {isa = PBXFileReference; lastKnownFileType = text.plist.xml; path = Info.plist; sourceTree = "<group>"; };
		F1EA6E21263041EB0085BE14 /* NetworkHandler.swift */ = {isa = PBXFileReference; lastKnownFileType = sourcecode.swift; path = NetworkHandler.swift; sourceTree = "<group>"; };
		F1EA6E32263043800085BE14 /* Constant.swift */ = {isa = PBXFileReference; lastKnownFileType = sourcecode.swift; path = Constant.swift; sourceTree = "<group>"; };
		F1EA6E38263043BF0085BE14 /* UserListTableViewController.swift */ = {isa = PBXFileReference; lastKnownFileType = sourcecode.swift; path = UserListTableViewController.swift; sourceTree = "<group>"; };
		F1EA6E412630442D0085BE14 /* UserListTableViewCell.swift */ = {isa = PBXFileReference; lastKnownFileType = sourcecode.swift; path = UserListTableViewCell.swift; sourceTree = "<group>"; };
		F1EA6E4A263045070085BE14 /* UserList.swift */ = {isa = PBXFileReference; lastKnownFileType = sourcecode.swift; path = UserList.swift; sourceTree = "<group>"; };
		F1EA6E5626304E250085BE14 /* UIImageView+Extensions.swift */ = {isa = PBXFileReference; lastKnownFileType = sourcecode.swift; path = "UIImageView+Extensions.swift"; sourceTree = "<group>"; };
		F1EA6E61263072730085BE14 /* UserDetails.swift */ = {isa = PBXFileReference; lastKnownFileType = sourcecode.swift; path = UserDetails.swift; sourceTree = "<group>"; };
		F1EA6E66263078310085BE14 /* UserDetailsViewController.swift */ = {isa = PBXFileReference; lastKnownFileType = sourcecode.swift; path = UserDetailsViewController.swift; sourceTree = "<group>"; };
		F43EC33A260062572BC33D33 /* Pods-GitHubList.debug.xcconfig */ = {isa = PBXFileReference; includeInIndex = 1; lastKnownFileType = text.xcconfig; name = "Pods-GitHubList.debug.xcconfig"; path = "Target Support Files/Pods-GitHubList/Pods-GitHubList.debug.xcconfig"; sourceTree = "<group>"; };
/* End PBXFileReference section */

/* Begin PBXFrameworksBuildPhase section */
		F1EA6DDE263040D20085BE14 /* Frameworks */ = {
			isa = PBXFrameworksBuildPhase;
			buildActionMask = 2147483647;
			files = (
				441F8F1415DEC690E1CE6D12 /* Pods_GitHubList.framework in Frameworks */,
			);
			runOnlyForDeploymentPostprocessing = 0;
		};
		F1EA6DF7263040D30085BE14 /* Frameworks */ = {
			isa = PBXFrameworksBuildPhase;
			buildActionMask = 2147483647;
			files = (
			);
			runOnlyForDeploymentPostprocessing = 0;
		};
		F1EA6E02263040D30085BE14 /* Frameworks */ = {
			isa = PBXFrameworksBuildPhase;
			buildActionMask = 2147483647;
			files = (
			);
			runOnlyForDeploymentPostprocessing = 0;
		};
/* End PBXFrameworksBuildPhase section */

/* Begin PBXGroup section */
		40D06EB97C67E3BC359AF2D9 /* Pods */ = {
			isa = PBXGroup;
			children = (
				F43EC33A260062572BC33D33 /* Pods-GitHubList.debug.xcconfig */,
				0242DB05FF0B8BB3532CFACB /* Pods-GitHubList.release.xcconfig */,
			);
			path = Pods;
			sourceTree = "<group>";
		};
		8173CAAB5F8EACD79BB79828 /* Frameworks */ = {
			isa = PBXGroup;
			children = (
				6A7DFA4410426B6E4A3DFBFE /* Pods_GitHubList.framework */,
			);
			name = Frameworks;
			sourceTree = "<group>";
		};
		F1EA6DD8263040D20085BE14 = {
			isa = PBXGroup;
			children = (
				F1EA6DE3263040D20085BE14 /* GitHubList */,
				F1EA6DFD263040D30085BE14 /* GitHubListTests */,
				F1EA6E08263040D30085BE14 /* GitHubListUITests */,
				F1EA6DE2263040D20085BE14 /* Products */,
				40D06EB97C67E3BC359AF2D9 /* Pods */,
				8173CAAB5F8EACD79BB79828 /* Frameworks */,
			);
			sourceTree = "<group>";
		};
		F1EA6DE2263040D20085BE14 /* Products */ = {
			isa = PBXGroup;
			children = (
				F1EA6DE1263040D20085BE14 /* GitHubList.app */,
				F1EA6DFA263040D30085BE14 /* GitHubListTests.xctest */,
				F1EA6E05263040D30085BE14 /* GitHubListUITests.xctest */,
			);
			name = Products;
			sourceTree = "<group>";
		};
		F1EA6DE3263040D20085BE14 /* GitHubList */ = {
			isa = PBXGroup;
			children = (
				F1EA6E5526304E0A0085BE14 /* Extensions */,
				F1EA6E49263044F90085BE14 /* Model */,
				F1EA6E40263044130085BE14 /* TableViewCell */,
				F1EA6E372630439F0085BE14 /* ViewController */,
				F1EA6E26263042A80085BE14 /* Contants */,
				F1EA6E20263041BD0085BE14 /* NetworkHandler */,
				F1EA6DE4263040D20085BE14 /* AppDelegate.swift */,
				F1EA6DE6263040D20085BE14 /* SceneDelegate.swift */,
				F1EA6DE8263040D20085BE14 /* ViewController.swift */,
				F1EA6DEA263040D20085BE14 /* Main.storyboard */,
				F1EA6DF0263040D30085BE14 /* Assets.xcassets */,
				F1EA6DF2263040D30085BE14 /* LaunchScreen.storyboard */,
				F1EA6DF5263040D30085BE14 /* Info.plist */,
				F1EA6DED263040D20085BE14 /* GitHubList.xcdatamodeld */,
			);
			path = GitHubList;
			sourceTree = "<group>";
		};
		F1EA6DFD263040D30085BE14 /* GitHubListTests */ = {
			isa = PBXGroup;
			children = (
				F1EA6DFE263040D30085BE14 /* GitHubListTests.swift */,
				F1EA6E00263040D30085BE14 /* Info.plist */,
			);
			path = GitHubListTests;
			sourceTree = "<group>";
		};
		F1EA6E08263040D30085BE14 /* GitHubListUITests */ = {
			isa = PBXGroup;
			children = (
				F1EA6E09263040D30085BE14 /* GitHubListUITests.swift */,
				F1EA6E0B263040D30085BE14 /* Info.plist */,
			);
			path = GitHubListUITests;
			sourceTree = "<group>";
		};
		F1EA6E20263041BD0085BE14 /* NetworkHandler */ = {
			isa = PBXGroup;
			children = (
				F1EA6E21263041EB0085BE14 /* NetworkHandler.swift */,
			);
			path = NetworkHandler;
			sourceTree = "<group>";
		};
		F1EA6E26263042A80085BE14 /* Contants */ = {
			isa = PBXGroup;
			children = (
				F1EA6E32263043800085BE14 /* Constant.swift */,
			);
			path = Contants;
			sourceTree = "<group>";
		};
		F1EA6E372630439F0085BE14 /* ViewController */ = {
			isa = PBXGroup;
			children = (
				F1EA6E38263043BF0085BE14 /* UserListTableViewController.swift */,
				F1EA6E66263078310085BE14 /* UserDetailsViewController.swift */,
			);
			path = ViewController;
			sourceTree = "<group>";
		};
		F1EA6E40263044130085BE14 /* TableViewCell */ = {
			isa = PBXGroup;
			children = (
				F1EA6E412630442D0085BE14 /* UserListTableViewCell.swift */,
			);
			path = TableViewCell;
			sourceTree = "<group>";
		};
		F1EA6E49263044F90085BE14 /* Model */ = {
			isa = PBXGroup;
			children = (
				F1EA6E4A263045070085BE14 /* UserList.swift */,
				F1EA6E61263072730085BE14 /* UserDetails.swift */,
			);
			path = Model;
			sourceTree = "<group>";
		};
		F1EA6E5526304E0A0085BE14 /* Extensions */ = {
			isa = PBXGroup;
			children = (
				F1EA6E5626304E250085BE14 /* UIImageView+Extensions.swift */,
			);
			path = Extensions;
			sourceTree = "<group>";
		};
/* End PBXGroup section */

/* Begin PBXNativeTarget section */
		F1EA6DE0263040D20085BE14 /* GitHubList */ = {
			isa = PBXNativeTarget;
			buildConfigurationList = F1EA6E0E263040D30085BE14 /* Build configuration list for PBXNativeTarget "GitHubList" */;
			buildPhases = (
				9BDAC12861D084BDB9763A50 /* [CP] Check Pods Manifest.lock */,
				F1EA6DDD263040D20085BE14 /* Sources */,
				F1EA6DDE263040D20085BE14 /* Frameworks */,
				F1EA6DDF263040D20085BE14 /* Resources */,
				990C4946E2ADA7610035FC03 /* [CP] Embed Pods Frameworks */,
			);
			buildRules = (
			);
			dependencies = (
			);
			name = GitHubList;
			productName = GitHubList;
			productReference = F1EA6DE1263040D20085BE14 /* GitHubList.app */;
			productType = "com.apple.product-type.application";
		};
		F1EA6DF9263040D30085BE14 /* GitHubListTests */ = {
			isa = PBXNativeTarget;
			buildConfigurationList = F1EA6E11263040D30085BE14 /* Build configuration list for PBXNativeTarget "GitHubListTests" */;
			buildPhases = (
				F1EA6DF6263040D30085BE14 /* Sources */,
				F1EA6DF7263040D30085BE14 /* Frameworks */,
				F1EA6DF8263040D30085BE14 /* Resources */,
			);
			buildRules = (
			);
			dependencies = (
				F1EA6DFC263040D30085BE14 /* PBXTargetDependency */,
			);
			name = GitHubListTests;
			productName = GitHubListTests;
			productReference = F1EA6DFA263040D30085BE14 /* GitHubListTests.xctest */;
			productType = "com.apple.product-type.bundle.unit-test";
		};
		F1EA6E04263040D30085BE14 /* GitHubListUITests */ = {
			isa = PBXNativeTarget;
			buildConfigurationList = F1EA6E14263040D30085BE14 /* Build configuration list for PBXNativeTarget "GitHubListUITests" */;
			buildPhases = (
				F1EA6E01263040D30085BE14 /* Sources */,
				F1EA6E02263040D30085BE14 /* Frameworks */,
				F1EA6E03263040D30085BE14 /* Resources */,
			);
			buildRules = (
			);
			dependencies = (
				F1EA6E07263040D30085BE14 /* PBXTargetDependency */,
			);
			name = GitHubListUITests;
			productName = GitHubListUITests;
			productReference = F1EA6E05263040D30085BE14 /* GitHubListUITests.xctest */;
			productType = "com.apple.product-type.bundle.ui-testing";
		};
/* End PBXNativeTarget section */

/* Begin PBXProject section */
		F1EA6DD9263040D20085BE14 /* Project object */ = {
			isa = PBXProject;
			attributes = {
				LastSwiftUpdateCheck = 1240;
				LastUpgradeCheck = 1240;
				TargetAttributes = {
					F1EA6DE0263040D20085BE14 = {
						CreatedOnToolsVersion = 12.4;
					};
					F1EA6DF9263040D30085BE14 = {
						CreatedOnToolsVersion = 12.4;
						TestTargetID = F1EA6DE0263040D20085BE14;
					};
					F1EA6E04263040D30085BE14 = {
						CreatedOnToolsVersion = 12.4;
						TestTargetID = F1EA6DE0263040D20085BE14;
					};
				};
			};
			buildConfigurationList = F1EA6DDC263040D20085BE14 /* Build configuration list for PBXProject "GitHubList" */;
			compatibilityVersion = "Xcode 9.3";
			developmentRegion = en;
			hasScannedForEncodings = 0;
			knownRegions = (
				en,
				Base,
			);
			mainGroup = F1EA6DD8263040D20085BE14;
			productRefGroup = F1EA6DE2263040D20085BE14 /* Products */;
			projectDirPath = "";
			projectRoot = "";
			targets = (
				F1EA6DE0263040D20085BE14 /* GitHubList */,
				F1EA6DF9263040D30085BE14 /* GitHubListTests */,
				F1EA6E04263040D30085BE14 /* GitHubListUITests */,
			);
		};
/* End PBXProject section */

/* Begin PBXResourcesBuildPhase section */
		F1EA6DDF263040D20085BE14 /* Resources */ = {
			isa = PBXResourcesBuildPhase;
			buildActionMask = 2147483647;
			files = (
				F1EA6DF4263040D30085BE14 /* LaunchScreen.storyboard in Resources */,
				F1EA6DF1263040D30085BE14 /* Assets.xcassets in Resources */,
				F1EA6DEC263040D20085BE14 /* Main.storyboard in Resources */,
			);
			runOnlyForDeploymentPostprocessing = 0;
		};
		F1EA6DF8263040D30085BE14 /* Resources */ = {
			isa = PBXResourcesBuildPhase;
			buildActionMask = 2147483647;
			files = (
			);
			runOnlyForDeploymentPostprocessing = 0;
		};
		F1EA6E03263040D30085BE14 /* Resources */ = {
			isa = PBXResourcesBuildPhase;
			buildActionMask = 2147483647;
			files = (
			);
			runOnlyForDeploymentPostprocessing = 0;
		};
/* End PBXResourcesBuildPhase section */

/* Begin PBXShellScriptBuildPhase section */
		990C4946E2ADA7610035FC03 /* [CP] Embed Pods Frameworks */ = {
			isa = PBXShellScriptBuildPhase;
			buildActionMask = 2147483647;
			files = (
			);
			inputFileListPaths = (
				"${PODS_ROOT}/Target Support Files/Pods-GitHubList/Pods-GitHubList-frameworks-${CONFIGURATION}-input-files.xcfilelist",
			);
			name = "[CP] Embed Pods Frameworks";
			outputFileListPaths = (
				"${PODS_ROOT}/Target Support Files/Pods-GitHubList/Pods-GitHubList-frameworks-${CONFIGURATION}-output-files.xcfilelist",
			);
			runOnlyForDeploymentPostprocessing = 0;
			shellPath = /bin/sh;
			shellScript = "\"${PODS_ROOT}/Target Support Files/Pods-GitHubList/Pods-GitHubList-frameworks.sh\"\n";
			showEnvVarsInLog = 0;
		};
		9BDAC12861D084BDB9763A50 /* [CP] Check Pods Manifest.lock */ = {
			isa = PBXShellScriptBuildPhase;
			buildActionMask = 2147483647;
			files = (
			);
			inputFileListPaths = (
			);
			inputPaths = (
				"${PODS_PODFILE_DIR_PATH}/Podfile.lock",
				"${PODS_ROOT}/Manifest.lock",
			);
			name = "[CP] Check Pods Manifest.lock";
			outputFileListPaths = (
			);
			outputPaths = (
				"$(DERIVED_FILE_DIR)/Pods-GitHubList-checkManifestLockResult.txt",
			);
			runOnlyForDeploymentPostprocessing = 0;
			shellPath = /bin/sh;
			shellScript = "diff \"${PODS_PODFILE_DIR_PATH}/Podfile.lock\" \"${PODS_ROOT}/Manifest.lock\" > /dev/null\nif [ $? != 0 ] ; then\n    # print error to STDERR\n    echo \"error: The sandbox is not in sync with the Podfile.lock. Run 'pod install' or update your CocoaPods installation.\" >&2\n    exit 1\nfi\n# This output is used by Xcode 'outputs' to avoid re-running this script phase.\necho \"SUCCESS\" > \"${SCRIPT_OUTPUT_FILE_0}\"\n";
			showEnvVarsInLog = 0;
		};
/* End PBXShellScriptBuildPhase section */

/* Begin PBXSourcesBuildPhase section */
		F1EA6DDD263040D20085BE14 /* Sources */ = {
			isa = PBXSourcesBuildPhase;
			buildActionMask = 2147483647;
			files = (
				F1EA6E5726304E250085BE14 /* UIImageView+Extensions.swift in Sources */,
				F1EA6DE9263040D20085BE14 /* ViewController.swift in Sources */,
				F1EA6E67263078310085BE14 /* UserDetailsViewController.swift in Sources */,
				F1EA6E4B263045070085BE14 /* UserList.swift in Sources */,
				F1EA6DE5263040D20085BE14 /* AppDelegate.swift in Sources */,
				F1EA6E422630442D0085BE14 /* UserListTableViewCell.swift in Sources */,
				F1EA6DEF263040D20085BE14 /* GitHubList.xcdatamodeld in Sources */,
				F1EA6E62263072730085BE14 /* UserDetails.swift in Sources */,
				F1EA6E39263043BF0085BE14 /* UserListTableViewController.swift in Sources */,
				F1EA6E22263041EB0085BE14 /* NetworkHandler.swift in Sources */,
				F1EA6DE7263040D20085BE14 /* SceneDelegate.swift in Sources */,
				F1EA6E33263043800085BE14 /* Constant.swift in Sources */,
			);
			runOnlyForDeploymentPostprocessing = 0;
		};
		F1EA6DF6263040D30085BE14 /* Sources */ = {
			isa = PBXSourcesBuildPhase;
			buildActionMask = 2147483647;
			files = (
				F1EA6DFF263040D30085BE14 /* GitHubListTests.swift in Sources */,
			);
			runOnlyForDeploymentPostprocessing = 0;
		};
		F1EA6E01263040D30085BE14 /* Sources */ = {
			isa = PBXSourcesBuildPhase;
			buildActionMask = 2147483647;
			files = (
				F1EA6E0A263040D30085BE14 /* GitHubListUITests.swift in Sources */,
			);
			runOnlyForDeploymentPostprocessing = 0;
		};
/* End PBXSourcesBuildPhase section */

/* Begin PBXTargetDependency section */
		F1EA6DFC263040D30085BE14 /* PBXTargetDependency */ = {
			isa = PBXTargetDependency;
			target = F1EA6DE0263040D20085BE14 /* GitHubList */;
			targetProxy = F1EA6DFB263040D30085BE14 /* PBXContainerItemProxy */;
		};
		F1EA6E07263040D30085BE14 /* PBXTargetDependency */ = {
			isa = PBXTargetDependency;
			target = F1EA6DE0263040D20085BE14 /* GitHubList */;
			targetProxy = F1EA6E06263040D30085BE14 /* PBXContainerItemProxy */;
		};
/* End PBXTargetDependency section */

/* Begin PBXVariantGroup section */
		F1EA6DEA263040D20085BE14 /* Main.storyboard */ = {
			isa = PBXVariantGroup;
			children = (
				F1EA6DEB263040D20085BE14 /* Base */,
			);
			name = Main.storyboard;
			sourceTree = "<group>";
		};
		F1EA6DF2263040D30085BE14 /* LaunchScreen.storyboard */ = {
			isa = PBXVariantGroup;
			children = (
				F1EA6DF3263040D30085BE14 /* Base */,
			);
			name = LaunchScreen.storyboard;
			sourceTree = "<group>";
		};
/* End PBXVariantGroup section */

/* Begin XCBuildConfiguration section */
		F1EA6E0C263040D30085BE14 /* Debug */ = {
			isa = XCBuildConfiguration;
			buildSettings = {
				ALWAYS_SEARCH_USER_PATHS = NO;
				CLANG_ANALYZER_NONNULL = YES;
				CLANG_ANALYZER_NUMBER_OBJECT_CONVERSION = YES_AGGRESSIVE;
				CLANG_CXX_LANGUAGE_STANDARD = "gnu++14";
				CLANG_CXX_LIBRARY = "libc++";
				CLANG_ENABLE_MODULES = YES;
				CLANG_ENABLE_OBJC_ARC = YES;
				CLANG_ENABLE_OBJC_WEAK = YES;
				CLANG_WARN_BLOCK_CAPTURE_AUTORELEASING = YES;
				CLANG_WARN_BOOL_CONVERSION = YES;
				CLANG_WARN_COMMA = YES;
				CLANG_WARN_CONSTANT_CONVERSION = YES;
				CLANG_WARN_DEPRECATED_OBJC_IMPLEMENTATIONS = YES;
				CLANG_WARN_DIRECT_OBJC_ISA_USAGE = YES_ERROR;
				CLANG_WARN_DOCUMENTATION_COMMENTS = YES;
				CLANG_WARN_EMPTY_BODY = YES;
				CLANG_WARN_ENUM_CONVERSION = YES;
				CLANG_WARN_INFINITE_RECURSION = YES;
				CLANG_WARN_INT_CONVERSION = YES;
				CLANG_WARN_NON_LITERAL_NULL_CONVERSION = YES;
				CLANG_WARN_OBJC_IMPLICIT_RETAIN_SELF = YES;
				CLANG_WARN_OBJC_LITERAL_CONVERSION = YES;
				CLANG_WARN_OBJC_ROOT_CLASS = YES_ERROR;
				CLANG_WARN_QUOTED_INCLUDE_IN_FRAMEWORK_HEADER = YES;
				CLANG_WARN_RANGE_LOOP_ANALYSIS = YES;
				CLANG_WARN_STRICT_PROTOTYPES = YES;
				CLANG_WARN_SUSPICIOUS_MOVE = YES;
				CLANG_WARN_UNGUARDED_AVAILABILITY = YES_AGGRESSIVE;
				CLANG_WARN_UNREACHABLE_CODE = YES;
				CLANG_WARN__DUPLICATE_METHOD_MATCH = YES;
				COPY_PHASE_STRIP = NO;
				DEBUG_INFORMATION_FORMAT = dwarf;
				ENABLE_STRICT_OBJC_MSGSEND = YES;
				ENABLE_TESTABILITY = YES;
				GCC_C_LANGUAGE_STANDARD = gnu11;
				GCC_DYNAMIC_NO_PIC = NO;
				GCC_NO_COMMON_BLOCKS = YES;
				GCC_OPTIMIZATION_LEVEL = 0;
				GCC_PREPROCESSOR_DEFINITIONS = (
					"DEBUG=1",
					"$(inherited)",
				);
				GCC_WARN_64_TO_32_BIT_CONVERSION = YES;
				GCC_WARN_ABOUT_RETURN_TYPE = YES_ERROR;
				GCC_WARN_UNDECLARED_SELECTOR = YES;
				GCC_WARN_UNINITIALIZED_AUTOS = YES_AGGRESSIVE;
				GCC_WARN_UNUSED_FUNCTION = YES;
				GCC_WARN_UNUSED_VARIABLE = YES;
				IPHONEOS_DEPLOYMENT_TARGET = 14.4;
				MTL_ENABLE_DEBUG_INFO = INCLUDE_SOURCE;
				MTL_FAST_MATH = YES;
				ONLY_ACTIVE_ARCH = YES;
				SDKROOT = iphoneos;
				SWIFT_ACTIVE_COMPILATION_CONDITIONS = DEBUG;
				SWIFT_OPTIMIZATION_LEVEL = "-Onone";
			};
			name = Debug;
		};
		F1EA6E0D263040D30085BE14 /* Release */ = {
			isa = XCBuildConfiguration;
			buildSettings = {
				ALWAYS_SEARCH_USER_PATHS = NO;
				CLANG_ANALYZER_NONNULL = YES;
				CLANG_ANALYZER_NUMBER_OBJECT_CONVERSION = YES_AGGRESSIVE;
				CLANG_CXX_LANGUAGE_STANDARD = "gnu++14";
				CLANG_CXX_LIBRARY = "libc++";
				CLANG_ENABLE_MODULES = YES;
				CLANG_ENABLE_OBJC_ARC = YES;
				CLANG_ENABLE_OBJC_WEAK = YES;
				CLANG_WARN_BLOCK_CAPTURE_AUTORELEASING = YES;
				CLANG_WARN_BOOL_CONVERSION = YES;
				CLANG_WARN_COMMA = YES;
				CLANG_WARN_CONSTANT_CONVERSION = YES;
				CLANG_WARN_DEPRECATED_OBJC_IMPLEMENTATIONS = YES;
				CLANG_WARN_DIRECT_OBJC_ISA_USAGE = YES_ERROR;
				CLANG_WARN_DOCUMENTATION_COMMENTS = YES;
				CLANG_WARN_EMPTY_BODY = YES;
				CLANG_WARN_ENUM_CONVERSION = YES;
				CLANG_WARN_INFINITE_RECURSION = YES;
				CLANG_WARN_INT_CONVERSION = YES;
				CLANG_WARN_NON_LITERAL_NULL_CONVERSION = YES;
				CLANG_WARN_OBJC_IMPLICIT_RETAIN_SELF = YES;
				CLANG_WARN_OBJC_LITERAL_CONVERSION = YES;
				CLANG_WARN_OBJC_ROOT_CLASS = YES_ERROR;
				CLANG_WARN_QUOTED_INCLUDE_IN_FRAMEWORK_HEADER = YES;
				CLANG_WARN_RANGE_LOOP_ANALYSIS = YES;
				CLANG_WARN_STRICT_PROTOTYPES = YES;
				CLANG_WARN_SUSPICIOUS_MOVE = YES;
				CLANG_WARN_UNGUARDED_AVAILABILITY = YES_AGGRESSIVE;
				CLANG_WARN_UNREACHABLE_CODE = YES;
				CLANG_WARN__DUPLICATE_METHOD_MATCH = YES;
				COPY_PHASE_STRIP = NO;
				DEBUG_INFORMATION_FORMAT = "dwarf-with-dsym";
				ENABLE_NS_ASSERTIONS = NO;
				ENABLE_STRICT_OBJC_MSGSEND = YES;
				GCC_C_LANGUAGE_STANDARD = gnu11;
				GCC_NO_COMMON_BLOCKS = YES;
				GCC_WARN_64_TO_32_BIT_CONVERSION = YES;
				GCC_WARN_ABOUT_RETURN_TYPE = YES_ERROR;
				GCC_WARN_UNDECLARED_SELECTOR = YES;
				GCC_WARN_UNINITIALIZED_AUTOS = YES_AGGRESSIVE;
				GCC_WARN_UNUSED_FUNCTION = YES;
				GCC_WARN_UNUSED_VARIABLE = YES;
				IPHONEOS_DEPLOYMENT_TARGET = 14.4;
				MTL_ENABLE_DEBUG_INFO = NO;
				MTL_FAST_MATH = YES;
				SDKROOT = iphoneos;
				SWIFT_COMPILATION_MODE = wholemodule;
				SWIFT_OPTIMIZATION_LEVEL = "-O";
				VALIDATE_PRODUCT = YES;
			};
			name = Release;
		};
		F1EA6E0F263040D30085BE14 /* Debug */ = {
			isa = XCBuildConfiguration;
			baseConfigurationReference = F43EC33A260062572BC33D33 /* Pods-GitHubList.debug.xcconfig */;
			buildSettings = {
				ASSETCATALOG_COMPILER_APPICON_NAME = AppIcon;
				ASSETCATALOG_COMPILER_GLOBAL_ACCENT_COLOR_NAME = AccentColor;
				CODE_SIGN_STYLE = Automatic;
				INFOPLIST_FILE = GitHubList/Info.plist;
				LD_RUNPATH_SEARCH_PATHS = (
					"$(inherited)",
					"@executable_path/Frameworks",
				);
				PRODUCT_BUNDLE_IDENTIFIER = com.ryanenguero.GitHubList;
				PRODUCT_NAME = "$(TARGET_NAME)";
				SWIFT_VERSION = 5.0;
				TARGETED_DEVICE_FAMILY = "1,2";
			};
			name = Debug;
		};
		F1EA6E10263040D30085BE14 /* Release */ = {
			isa = XCBuildConfiguration;
			baseConfigurationReference = 0242DB05FF0B8BB3532CFACB /* Pods-GitHubList.release.xcconfig */;
			buildSettings = {
				ASSETCATALOG_COMPILER_APPICON_NAME = AppIcon;
				ASSETCATALOG_COMPILER_GLOBAL_ACCENT_COLOR_NAME = AccentColor;
				CODE_SIGN_STYLE = Automatic;
				INFOPLIST_FILE = GitHubList/Info.plist;
				LD_RUNPATH_SEARCH_PATHS = (
					"$(inherited)",
					"@executable_path/Frameworks",
				);
				PRODUCT_BUNDLE_IDENTIFIER = com.ryanenguero.GitHubList;
				PRODUCT_NAME = "$(TARGET_NAME)";
				SWIFT_VERSION = 5.0;
				TARGETED_DEVICE_FAMILY = "1,2";
			};
			name = Release;
		};
		F1EA6E12263040D30085BE14 /* Debug */ = {
			isa = XCBuildConfiguration;
			buildSettings = {
				ALWAYS_EMBED_SWIFT_STANDARD_LIBRARIES = YES;
				BUNDLE_LOADER = "$(TEST_HOST)";
				CODE_SIGN_STYLE = Automatic;
				INFOPLIST_FILE = GitHubListTests/Info.plist;
				IPHONEOS_DEPLOYMENT_TARGET = 14.4;
				LD_RUNPATH_SEARCH_PATHS = (
					"$(inherited)",
					"@executable_path/Frameworks",
					"@loader_path/Frameworks",
				);
				PRODUCT_BUNDLE_IDENTIFIER = com.ryanenguero.GitHubListTests;
				PRODUCT_NAME = "$(TARGET_NAME)";
				SWIFT_VERSION = 5.0;
				TARGETED_DEVICE_FAMILY = "1,2";
				TEST_HOST = "$(BUILT_PRODUCTS_DIR)/GitHubList.app/GitHubList";
			};
			name = Debug;
		};
		F1EA6E13263040D30085BE14 /* Release */ = {
			isa = XCBuildConfiguration;
			buildSettings = {
				ALWAYS_EMBED_SWIFT_STANDARD_LIBRARIES = YES;
				BUNDLE_LOADER = "$(TEST_HOST)";
				CODE_SIGN_STYLE = Automatic;
				INFOPLIST_FILE = GitHubListTests/Info.plist;
				IPHONEOS_DEPLOYMENT_TARGET = 14.4;
				LD_RUNPATH_SEARCH_PATHS = (
					"$(inherited)",
					"@executable_path/Frameworks",
					"@loader_path/Frameworks",
				);
				PRODUCT_BUNDLE_IDENTIFIER = com.ryanenguero.GitHubListTests;
				PRODUCT_NAME = "$(TARGET_NAME)";
				SWIFT_VERSION = 5.0;
				TARGETED_DEVICE_FAMILY = "1,2";
				TEST_HOST = "$(BUILT_PRODUCTS_DIR)/GitHubList.app/GitHubList";
			};
			name = Release;
		};
		F1EA6E15263040D30085BE14 /* Debug */ = {
			isa = XCBuildConfiguration;
			buildSettings = {
				ALWAYS_EMBED_SWIFT_STANDARD_LIBRARIES = YES;
				CODE_SIGN_STYLE = Automatic;
				INFOPLIST_FILE = GitHubListUITests/Info.plist;
				LD_RUNPATH_SEARCH_PATHS = (
					"$(inherited)",
					"@executable_path/Frameworks",
					"@loader_path/Frameworks",
				);
				PRODUCT_BUNDLE_IDENTIFIER = com.ryanenguero.GitHubListUITests;
				PRODUCT_NAME = "$(TARGET_NAME)";
				SWIFT_VERSION = 5.0;
				TARGETED_DEVICE_FAMILY = "1,2";
				TEST_TARGET_NAME = GitHubList;
			};
			name = Debug;
		};
		F1EA6E16263040D30085BE14 /* Release */ = {
			isa = XCBuildConfiguration;
			buildSettings = {
				ALWAYS_EMBED_SWIFT_STANDARD_LIBRARIES = YES;
				CODE_SIGN_STYLE = Automatic;
				INFOPLIST_FILE = GitHubListUITests/Info.plist;
				LD_RUNPATH_SEARCH_PATHS = (
					"$(inherited)",
					"@executable_path/Frameworks",
					"@loader_path/Frameworks",
				);
				PRODUCT_BUNDLE_IDENTIFIER = com.ryanenguero.GitHubListUITests;
				PRODUCT_NAME = "$(TARGET_NAME)";
				SWIFT_VERSION = 5.0;
				TARGETED_DEVICE_FAMILY = "1,2";
				TEST_TARGET_NAME = GitHubList;
			};
			name = Release;
		};
/* End XCBuildConfiguration section */

/* Begin XCConfigurationList section */
		F1EA6DDC263040D20085BE14 /* Build configuration list for PBXProject "GitHubList" */ = {
			isa = XCConfigurationList;
			buildConfigurations = (
				F1EA6E0C263040D30085BE14 /* Debug */,
				F1EA6E0D263040D30085BE14 /* Release */,
			);
			defaultConfigurationIsVisible = 0;
			defaultConfigurationName = Release;
		};
		F1EA6E0E263040D30085BE14 /* Build configuration list for PBXNativeTarget "GitHubList" */ = {
			isa = XCConfigurationList;
			buildConfigurations = (
				F1EA6E0F263040D30085BE14 /* Debug */,
				F1EA6E10263040D30085BE14 /* Release */,
			);
			defaultConfigurationIsVisible = 0;
			defaultConfigurationName = Release;
		};
		F1EA6E11263040D30085BE14 /* Build configuration list for PBXNativeTarget "GitHubListTests" */ = {
			isa = XCConfigurationList;
			buildConfigurations = (
				F1EA6E12263040D30085BE14 /* Debug */,
				F1EA6E13263040D30085BE14 /* Release */,
			);
			defaultConfigurationIsVisible = 0;
			defaultConfigurationName = Release;
		};
		F1EA6E14263040D30085BE14 /* Build configuration list for PBXNativeTarget "GitHubListUITests" */ = {
			isa = XCConfigurationList;
			buildConfigurations = (
				F1EA6E15263040D30085BE14 /* Debug */,
				F1EA6E16263040D30085BE14 /* Release */,
			);
			defaultConfigurationIsVisible = 0;
			defaultConfigurationName = Release;
		};
/* End XCConfigurationList section */

/* Begin XCVersionGroup section */
		F1EA6DED263040D20085BE14 /* GitHubList.xcdatamodeld */ = {
			isa = XCVersionGroup;
			children = (
				F1EA6DEE263040D20085BE14 /* GitHubList.xcdatamodel */,
			);
			currentVersion = F1EA6DEE263040D20085BE14 /* GitHubList.xcdatamodel */;
			path = GitHubList.xcdatamodeld;
			sourceTree = "<group>";
			versionGroupType = wrapper.xcdatamodel;
		};
/* End XCVersionGroup section */
	};
	rootObject = F1EA6DD9263040D20085BE14 /* Project object */;
}
